lockfileVersion: '9.0'

settings:
  autoInstallPeers: true
  excludeLinksFromLockfile: false

importers:

  .:
    devDependencies:
      prettier:
        specifier: ^3.5.3
        version: 3.9.7
      turbo:
        specifier: ^2.4.4
        version: 2.10.13
      typescript:
        specifier: ^5.8.2
        version: 5.9.3

  packages/core:
    dependencies:
      zod:
        specifier: ^3.24.2
        version: 3.25.76
    devDependencies:
      typescript:
        specifier: ^5.8.2
        version: 5.9.3

packages:

  '@turbo/darwin-64@2.10.13':
    resolution: {integrity: sha512-m5DBcpkxmcKpEJHHFUfqf9GLUjSmw3cDnBJM9nghPW3kjCNb5OyNKmzG7/yT5x5AwzOO+HMwKN+UI4iVKL87YA==}
    cpu: [x64]
    os: [darwin]

  '@turbo/darwin-arm64@2.10.13':
    resolution: {integrity: sha512-vfKPvSuoY8BJGj8M8yN+a7aq1g+CejbEacDSDlJLDkSbPN3J/U1DbYAmPG8Ype5XvImI0SgfvUhIorNnFj67zw==}
    cpu: [arm64]
    os: [darwin]

  '@turbo/linux-64@2.10.13':
    resolution: {integrity: sha512-Zp0N5M6j9iEjJtFLTA2L+52TLuYy0VbXT3zLZzfMeqqdKSUJ7pDo2pA1NhqjoQcF2dIsktZ8xZRW3pGI6T81fw==}
    cpu: [x64]
    os: [android, linux]

  '@turbo/linux-arm64@2.10.13':
    resolution: {integrity: sha512-M8XcfWdS2D4EP3wzd5ehUyCANucMIOsRE6gZuV0Mr2NIn+FpsUjXFCh7r9HY7GnNcjXH4tUnT76OsCDg2c0Fng==}
    cpu: [arm64]
    os: [android, linux]

  '@turbo/windows-64@2.10.13':
    resolution: {integrity: sha512-QFd3KBMpBBCc31TbxMnxgdBivie8lxJXV8EqmanH8fg8l2e1BdCLWpZJbxk48VNvcF4LHUnwO0FJOq+veKN1cw==}
    cpu: [x64]
    os: [win32]

  '@turbo/windows-arm64@2.10.13':
    resolution: {integrity: sha512-rM+cFO1P8iAHXdasOdMyK9nDk0UGII7VEFLIA8+jwv/+rh48pnVBbF2OSjJDBOw57pxNLIOEDA0JyKcarTBcIw==}
    cpu: [arm64]
    os: [win32]

  prettier@3.9.7:
    resolution: {integrity: sha512-T3mF5P7HFzZVLDQuCUNtJj6WK1pcpLMweMNUVwGb01bLNkH9AkKxtZvmInw8K6bnn2O3d6/5RHl6zSHiBAD0Og==}
    engines: {node: '>=14'}
    hasBin: true

  turbo@2.10.13:
    resolution: {integrity: sha512-69MkPbjk+G8oyC7pC2DeBk0rPdbLz51wuH5eAT0Q4BVJkzq/b1XM4kUUidsARbmDjwIELSJwd1ezITULY9kWNw==}
    hasBin: true

  typescript@5.9.3:
    resolution: {integrity: sha512-jl1vZzPDinLr9eUt3J/t7V6FgNEw9QjvBPdysz9KfQDD41fQrC2Y4vKQdiaUpFT4bXlb1RHhLpp8wtm6M5TgSw==}
    engines: {node: '>=14.17'}
    hasBin: true

  zod@3.25.76:
    resolution: {integrity: sha512-gzUt/qt81nXsFGKIFcC3YnfEAx5NkunCfnDlvuBSSFS02bcXu4Lmea0AFIUwbLWxWPx3d9p8S5QoaujKcNQxcQ==}

snapshots:

  '@turbo/darwin-64@2.10.13':
    optional: true

  '@turbo/darwin-arm64@2.10.13':
    optional: true

  '@turbo/linux-64@2.10.13':
    optional: true

  '@turbo/linux-arm64@2.10.13':
    optional: true

  '@turbo/windows-64@2.10.13':
    optional: true

  '@turbo/windows-arm64@2.10.13':
    optional: true

  prettier@3.9.7: {}

  turbo@2.10.13:
    optionalDependencies:
      '@turbo/darwin-64': 2.10.13
      '@turbo/darwin-arm64': 2.10.13
      '@turbo/linux-64': 2.10.13
      '@turbo/linux-arm64': 2.10.13
      '@turbo/windows-64': 2.10.13
      '@turbo/windows-arm64': 2.10.13

  typescript@5.9.3: {}

  zod@3.25.76: {}
